
Microsoft Visual Studio Solution File, Format Version 12.00
# Visual Studio Version 17
VisualStudioVersion = 17.7.34031.279
MinimumVisualStudioVersion = 10.0.40219.1
Project("{FAE04EC0-301F-11D3-BF4B-00C04F79EFBC}") = "ExitRoulette", "ChatModifiers.ExitRoulette\ExitRoulette.csproj", "{681907E0-A441-4E6C-B05F-2D683F190627}"
EndProject
Global
	GlobalSection(SolutionConfigurationPlatforms) = preSolution
		Debug|Any CPU = Debug|Any CPU
		Release|Any CPU = Release|Any CPU
	EndGlobalSection
	GlobalSection(ProjectConfigurationPlatforms) = postSolution
		{681907E0-A441-4E6C-B05F-2D683F190627}.Debug|Any CPU.ActiveCfg = Debug|Any CPU
		{681907E0-A441-4E6C-B05F-2D683F190627}.Debug|Any CPU.Build.0 = Debug|Any CPU
		{681907E0-A441-4E6C-B05F-2D683F190627}.Release|Any CPU.ActiveCfg = Release|Any CPU
		{681907E0-A441-4E6C-B05F-2D683F190627}.Release|Any CPU.Build.0 = Release|Any CPU
	EndGlobalSection
	GlobalSection(SolutionProperties) = preSolution
		HideSolutionNode = FALSE
	EndGlobalSection
	GlobalSection(ExtensibilityGlobals) = postSolution
		SolutionGuid = {737D45CB-7791-47D9-B8E4-D03911C74AB1}
	EndGlobalSection
EndGlobal
